[[entries]]
hash = "439fe1983a3cf96de9d89ce4f6f3fa2183be3efcd6e3ea0cf9c148cc3542e23e"
source = "scripts/README.md"
symbol = ""
target = "scripts:meta/create-sh-script.sh"

[[entries]]
hash = "bb2573a390d0e8a999647d7a0b5609a012151c00f0218924274639b6a6531057"
source = "scripts/README.md"
symbol = "ask_user_via_confirm"
target = "scripts:meta/create-sh-script.sh"

[[entries]]
hash = "3f748f18399777c91a074f571b7e374647c612718299192e7346aaa9d3eb3c57"
source = "scripts/README.md"
symbol = "ask_user_via_prompt"
target = "scripts:meta/create-sh-script.sh"

[[entries]]
hash = "cc0e894e9362e63a74e8179cd0ad4e15e77e677015b198b4898eb9da10c1847d"
source = "scripts/README.md"
symbol = "ask_user_via_select"
target = "scripts:meta/create-sh-script.sh"

[[entries]]
hash = "a1e9fa69d497f85dd54b03da4c2e6ff8e385c7e9eaa6d8dec2f8c1cb375c0b04"
source = "scripts/README.md"
symbol = "cleanup"
target = "scripts:meta/create-sh-script.sh"

[[entries]]
hash = "ea74e522246c6094db3f94403d749da2b41f352404a5bfafb8897b6ac22ce4e9"
source = "scripts/README.md"
symbol = "cmd_exec"
target = "scripts:meta/create-sh-script.sh"

[[entries]]
hash = "1c769cd6c5f67da622be81ad77d9d5944ca4b5a4cac7c6270153d0bf00ab9430"
source = "scripts/README.md"
symbol = "die"
target = "scripts:meta/create-sh-script.sh"

[[entries]]
hash = "4443b8467e3dd755bd63d7ebfed9df22b3a7ce77f4998d6cc8b98397d754da67"
source = "scripts/README.md"
symbol = "log_bold"
target = "scripts:meta/create-sh-script.sh"

[[entries]]
hash = "a46867d143a31a2bded0032b991155f5df6f2cc93512fea37bd11b2320d7b871"
source = "scripts/README.md"
symbol = "log_done"
target = "scripts:meta/create-sh-script.sh"

[[entries]]
hash = "056b06c2d5dac8772ad25872b3272bf4b86a47aaa940e55ca3717ab140992407"
source = "scripts/README.md"
symbol = "log_exec"
target = "scripts:meta/create-sh-script.sh"

[[entries]]
hash = "1bbaf7535eaec3fed7b8e72983f63a57ee0d12e46694d69e32fb97b5035d0eaa"
source = "scripts/README.md"
symbol = "log_fail"
target = "scripts:meta/create-sh-script.sh"

[[entries]]
hash = "2c539219ab4d5691abda7ef52984a1fb4eb066dcc322f53d34cd83b5d4efa845"
source = "scripts/README.md"
symbol = "log_flow"
target = "scripts:meta/create-sh-script.sh"

[[entries]]
hash = "f3149379d78becbfe2b08143e195d072fd21b7ebc00bf8e294a3cc69793df171"
source = "scripts/README.md"
symbol = "log_pass"
target = "scripts:meta/create-sh-script.sh"

[[entries]]
hash = "6c005061cdef5eedd8286f500de2badd8979dc0d98b44ec9e55e352d1e1ef664"
source = "scripts/README.md"
symbol = "log_pose"
target = "scripts:meta/create-sh-script.sh"

[[entries]]
hash = "cf67dbaf21d7bdb2b4269377e7fef052ceca50e880b05cbf031a96e97001240f"
source = "scripts/README.md"
symbol = "log_step"
target = "scripts:meta/create-sh-script.sh"

[[entries]]
hash = "8cb24e770a9276f4aa8e3dd5e76a54edf0b86fe33b1424e4800acb02b8d713a7"
source = "scripts/README.md"
symbol = "log_warn"
target = "scripts:meta/create-sh-script.sh"

[[entries]]
hash = "14c67ee1bc0898f5b0b8a8958772095d913cf40bf8d8bd597678d85eb4f299be"
source = "scripts/README.md"
symbol = "usage"
target = "scripts:meta/create-sh-script.sh"

[[entries]]
hash = "41b5bcc7ed63879ac6876dee1149f63f0eded79889abbbf71f4ad4d11f53dd6a"
source = "scripts/app/inngest/README.md"
symbol = "Event"
target = "lib:inngest.ts"

[[entries]]
hash = "1b49775cd2275b5de1efdf9b427808e6c9eceb20bb8479d605bca9409343f5cc"
source = "scripts/app/inngest/README.md"
symbol = "EventRecord"
target = "lib:inngest.ts"

[[entries]]
hash = "328aec5118f1c15899075ad5b9b593a167dd57db34b0b84716ea3302f89bacb1"
source = "scripts/app/inngest/README.md"
symbol = "createEvent"
target = "lib:inngest.ts"

[[entries]]
hash = "53c08781f129c40333d8d4c9458790a802fffbdd7635265a3ccaf1e4519e14f1"
source = "scripts/app/inngest/README.md"
symbol = ""
target = "scripts/app/inngest/create-client-event.sh"

[[entries]]
hash = "87e8b3b6b87beb281afc29a7e422dd4ad59d6eacc2ab850e980a439ced40b296"
source = "scripts/app/inngest/README.md"
symbol = "ensure_dep"
target = "scripts/app/inngest/create-client-event.sh"

[[entries]]
hash = "d0a287f0ec27bfcdab8c9f76dc2105b47ab274e6794bfc85df4a89fe28e2fa0d"
source = "scripts/app/inngest/README.md"
symbol = "validate_event_id"
target = "scripts/app/inngest/create-client-event.sh"

[[entries]]
hash = "2d899c313ffa044dbaf18221b92e86b2e79b519c8e89b2cd4e76422de488d1e7"
source = "scripts/app/inngest/README.md"
symbol = ""
target = "scripts/app/inngest/create-client-function.sh"

[[entries]]
hash = "a8e5340727d888fd6134d232cb8559ec59d92de9e9520eade24b151c98acc6cf"
source = "scripts/app/inngest/README.md"
symbol = "build_trigger"
target = "scripts/app/inngest/create-client-function.sh"

[[entries]]
hash = "47e47347212c6d76195575978e72725dddef2135726e6eebabdcdcac2b312c84"
source = "scripts/app/inngest/README.md"
symbol = "validate_events_exist"
target = "scripts/app/inngest/create-client-function.sh"

[[entries]]
hash = "815a006b9586533fdd3f6a58d359de5574de224285b1fc9d000bc287227e440c"
source = "scripts/app/inngest/README.md"
symbol = "validate_fn_path"
target = "scripts/app/inngest/create-client-function.sh"

[[entries]]
hash = "30d291c2b6b04888ce5ae04efc9ef3822640192cf0dc09cd493e1538f61181d9"
source = "scripts/app/inngest/README.md"
symbol = "write_function_ts"
target = "scripts/app/inngest/create-client-function.sh"

[[entries]]
hash = "95f503b8b2cf556fecd9eb47b1fad9aa39262cbc1d12a3575cf51d6d0d3ebe6c"
source = "scripts/app/inngest/README.md"
symbol = ""
target = "scripts/app/inngest/remove-client-event.sh"

[[entries]]
hash = "bb2573a390d0e8a999647d7a0b5609a012151c00f0218924274639b6a6531057"
source = "scripts/app/inngest/README.md"
symbol = "ask_user_via_confirm"
target = "scripts/app/inngest/remove-client-event.sh"

[[entries]]
hash = "e40b0fb14889a43effedf0b58576effe5ae72ac1ce27e9c2c98fbd3a250aeb48"
source = "scripts/app/inngest/README.md"
symbol = ""
target = "scripts/app/inngest/remove-client-function.sh"

[[entries]]
hash = "7fae6ec299ac66a0e8459e3d772cc2af84a78894ccd27dbf428b4d162db41641"
source = "scripts/app/inngest/README.md"
symbol = "prune_empty_parents"
target = "scripts/app/inngest/remove-client-function.sh"

[[entries]]
hash = "b45afd16e954e952aef8efcdc82e578e6c9112583ce2a4fd6e57255875bd88d3"
source = "scripts/app/inngest/README.md"
symbol = ""
target = "scripts/utils/manage-inngest-registries.ts"

[[entries]]
hash = "44f8296d3b2218d127e1b84ab9cfe1c146a73ae3d4baf36b56aa21b55dddfc1f"
source = "scripts/app/inngest/README.md"
symbol = "FUNCTIONS_EMPTY_TEMPLATE"
target = "scripts/utils/manage-inngest-registries.ts"

[[entries]]
hash = "0a4b80db9316d87a98a5d3f77964b5d2336995410d01a0beebebf9cad4932ac0"
source = "scripts/app/inngest/README.md"
symbol = "eventsInsert"
target = "scripts/utils/manage-inngest-registries.ts"

[[entries]]
hash = "faa3e759635693a996efd2f1daceb87c7fa22fe6ecad2b0249e6b636a8d77b93"
source = "scripts/app/inngest/README.md"
symbol = "eventsList"
target = "scripts/utils/manage-inngest-registries.ts"

[[entries]]
hash = "4bdc6849664da496680f5f13a3c3979864ee2dd9e8ee4efede324824e8cd01d7"
source = "scripts/app/inngest/README.md"
symbol = "eventsRemove"
target = "scripts/utils/manage-inngest-registries.ts"

[[entries]]
hash = "27493ad86211bfc2ca247e7079a996e2812673ec81f7564493a67d021e09685f"
source = "scripts/app/inngest/README.md"
symbol = "functionsInsert"
target = "scripts/utils/manage-inngest-registries.ts"

[[entries]]
hash = "01564aabbb6bbebef21ea2671eb7c0263e93ad9f94949efb8ed26802ec144da7"
source = "scripts/app/inngest/README.md"
symbol = "functionsList"
target = "scripts/utils/manage-inngest-registries.ts"

[[entries]]
hash = "c91e937a8a33b0d2877a10208c97e44ebad6c08be0d96e44c3ae050808fb4f64"
source = "scripts/app/inngest/README.md"
symbol = "functionsRemove"
target = "scripts/utils/manage-inngest-registries.ts"

[[entries]]
hash = "b0303417e1a836f11e58a223833cfddc6accca8da9d6c5a96f2b268a939dd9ac"
source = "src/lib/README.md"
symbol = "fail"
target = "lib:either.ts"

[[entries]]
hash = "9adf9d683d153c25d0c1e52ab1f64b947d0119188e39546ac373108de9797bb5"
source = "src/lib/README.md"
symbol = "is"
target = "lib:either.ts"

[[entries]]
hash = "27bcf7539612379329e6e8c68d12f697a17ae720e0f41eb922e67c39d5539695"
source = "src/lib/README.md"
symbol = "none"
target = "lib:either.ts"

[[entries]]
hash = "20af2f0dc1ece4ce12b0506613eb1700898e648b68973e6d0e5ebad47aea46b7"
source = "src/lib/README.md"
symbol = "option"
target = "lib:either.ts"

[[entries]]
hash = "14ff71e9b3f95fd5f91e0b514c29d6bf21dc0912294885948369e86bef3ca190"
source = "src/lib/README.md"
symbol = "pass"
target = "lib:either.ts"

[[entries]]
hash = "eaaccdc1934be63a55a808199117c0478f31848d873dcf5eef63ed5be8c00987"
source = "src/lib/README.md"
symbol = "result"
target = "lib:either.ts"

[[entries]]
hash = "d8ab8166845522e48377b9a8ba726103ac393903aa317c36c42d86d967ffbb42"
source = "src/lib/README.md"
symbol = "some"
target = "lib:either.ts"

[[entries]]
hash = "b186b8d06eb0c625d0d07007fe1b835fa004fcaf899babee87cb75ec5d32322d"
source = "src/lib/README.md"
symbol = "trycatch"
target = "lib:either.ts"

[[entries]]
hash = "29d6d50ecb0e8cfd0a825db99d8aa6b001dec53f2855f7a513c99f35d9484ac5"
source = "src/lib/README.md"
symbol = "wrap"
target = "lib:either.ts"

[[entries]]
hash = "8c63e150f4d6c9b6109455a0231e0b0dbb3c17cd2004ad96e276ecb8ac1b0825"
source = "src/lib/README.md"
symbol = "env"
target = "lib:env.ts"

[[entries]]
hash = "545e940cc068b3a958ad7164010e61154ffd3807eec067ee4708f17efc7e2bc1"
source = "src/lib/README.md"
symbol = "Logger"
target = "lib:logger.ts"

[[entries]]
hash = "9a7fb214b47141f39da451a54ab44960992335fd6978ca35a4a09bdc43bc602d"
source = "src/lib/README.md"
symbol = "logger"
target = "lib:logger.ts"

[[entries]]
hash = "f399274439dfb2f349bac426d4c2e14335ff811d5b3de83bebabbf218e69c43c"
source = "src/lib/README.md"
symbol = "Brand"
target = "lib:types.ts"

[[entries]]
hash = "c758df00a24e9692110b13cae3248ee6a233839ae35129e431d6397ed2acebd8"
source = "src/lib/README.md"
symbol = "DeepPartial"
target = "lib:types.ts"

[[entries]]
hash = "2abeeb3baddc8a6b7e031d6f4c98b71721aaa719cf6b13ca78bfd44cfb9a5039"
source = "src/lib/README.md"
symbol = "DeepReadonly"
target = "lib:types.ts"

[[entries]]
hash = "63450dadbbfcc5e7dd04bd0b73ac35c74fe4c65ceae999c6929fb24bd1e6e64d"
source = "src/lib/README.md"
symbol = "DeepRequired"
target = "lib:types.ts"

[[entries]]
hash = "14aba81b4cef27f182af3b04a8c4820b7dcfdb7e60a6e49d47912c07b707795d"
source = "src/lib/README.md"
symbol = "KeysMatching"
target = "lib:types.ts"

[[entries]]
hash = "8018c8520b49009f0e8e9f0cc9454787236c47017b7e8a2b2255b08d7c5d286f"
source = "src/lib/README.md"
symbol = "NonEmptyArray"
target = "lib:types.ts"

[[entries]]
hash = "8133279164cfcc694c6d65b13b8776f0020a3c89d9ed5d57e3d98557e037f5b2"
source = "src/lib/README.md"
symbol = "OmitByValue"
target = "lib:types.ts"

[[entries]]
hash = "f2ec02dcc2cb931e75f81863fd04c09671ef91f84e0564f5912c4931c5fdade1"
source = "src/lib/README.md"
symbol = "PartialBy"
target = "lib:types.ts"

[[entries]]
hash = "0a0b0ac75e032ef71ac4fd067991ec13d6f367dd55ad79826ff2ebcbd4e63e0e"
source = "src/lib/README.md"
symbol = "PickByValue"
target = "lib:types.ts"

[[entries]]
hash = "bd1c8dc34c7bf9174e4d45c7e839663dac90ff6a948b1a9ffd4ac4510d019c10"
source = "src/lib/README.md"
symbol = "Prettify"
target = "lib:types.ts"

[[entries]]
hash = "1b95a5b8a6ec5c732d4f5bca0b232244aa01359fa18156693ef1eef5646ff123"
source = "src/lib/README.md"
symbol = "Redacted"
target = "lib:types.ts"

[[entries]]
hash = "c72e584ba4055265c551e42a37abf321fed11af2a1479cf54494e8bc0fbfe3a4"
source = "src/lib/README.md"
symbol = "RequiredBy"
target = "lib:types.ts"

[[entries]]
hash = "2c9debc5b394238d32ee23096e868d9f86559c1ad258e2bf1b9a45e865450dad"
source = "src/lib/README.md"
symbol = "StrictOmit"
target = "lib:types.ts"

[[entries]]
hash = "7b84e6ca4bafeae949fe2f85d449b0373bc93a838bd32fc1f7a20f120ef3aad9"
source = "src/lib/README.md"
symbol = "Xor"
target = "lib:types.ts"
