[[entries]]
hash = "168c22dd3ccb1ef3673108d3a83b80d5c744a15b47ff72b5ce4aea45c177ce2b"
source = "scripts/README.md"
symbol = ""
target = "scripts:meta/create-sh-script.sh"

[[entries]]
hash = "a1e9fa69d497f85dd54b03da4c2e6ff8e385c7e9eaa6d8dec2f8c1cb375c0b04"
source = "scripts/README.md"
symbol = "cleanup"
target = "scripts:meta/create-sh-script.sh"

[[entries]]
hash = "ea74e522246c6094db3f94403d749da2b41f352404a5bfafb8897b6ac22ce4e9"
source = "scripts/README.md"
symbol = "cmd_exec"
target = "scripts:meta/create-sh-script.sh"

[[entries]]
hash = "1c769cd6c5f67da622be81ad77d9d5944ca4b5a4cac7c6270153d0bf00ab9430"
source = "scripts/README.md"
symbol = "die"
target = "scripts:meta/create-sh-script.sh"

[[entries]]
hash = "a46867d143a31a2bded0032b991155f5df6f2cc93512fea37bd11b2320d7b871"
source = "scripts/README.md"
symbol = "log_done"
target = "scripts:meta/create-sh-script.sh"

[[entries]]
hash = "1bbaf7535eaec3fed7b8e72983f63a57ee0d12e46694d69e32fb97b5035d0eaa"
source = "scripts/README.md"
symbol = "log_fail"
target = "scripts:meta/create-sh-script.sh"

[[entries]]
hash = "2c539219ab4d5691abda7ef52984a1fb4eb066dcc322f53d34cd83b5d4efa845"
source = "scripts/README.md"
symbol = "log_flow"
target = "scripts:meta/create-sh-script.sh"

[[entries]]
hash = "f3149379d78becbfe2b08143e195d072fd21b7ebc00bf8e294a3cc69793df171"
source = "scripts/README.md"
symbol = "log_pass"
target = "scripts:meta/create-sh-script.sh"

[[entries]]
hash = "cf67dbaf21d7bdb2b4269377e7fef052ceca50e880b05cbf031a96e97001240f"
source = "scripts/README.md"
symbol = "log_step"
target = "scripts:meta/create-sh-script.sh"

[[entries]]
hash = "8cb24e770a9276f4aa8e3dd5e76a54edf0b86fe33b1424e4800acb02b8d713a7"
source = "scripts/README.md"
symbol = "log_warn"
target = "scripts:meta/create-sh-script.sh"

[[entries]]
hash = "b0303417e1a836f11e58a223833cfddc6accca8da9d6c5a96f2b268a939dd9ac"
source = "src/lib/README.md"
symbol = "fail"
target = "lib:either.ts"

[[entries]]
hash = "9adf9d683d153c25d0c1e52ab1f64b947d0119188e39546ac373108de9797bb5"
source = "src/lib/README.md"
symbol = "is"
target = "lib:either.ts"

[[entries]]
hash = "27bcf7539612379329e6e8c68d12f697a17ae720e0f41eb922e67c39d5539695"
source = "src/lib/README.md"
symbol = "none"
target = "lib:either.ts"

[[entries]]
hash = "20af2f0dc1ece4ce12b0506613eb1700898e648b68973e6d0e5ebad47aea46b7"
source = "src/lib/README.md"
symbol = "option"
target = "lib:either.ts"

[[entries]]
hash = "14ff71e9b3f95fd5f91e0b514c29d6bf21dc0912294885948369e86bef3ca190"
source = "src/lib/README.md"
symbol = "pass"
target = "lib:either.ts"

[[entries]]
hash = "eaaccdc1934be63a55a808199117c0478f31848d873dcf5eef63ed5be8c00987"
source = "src/lib/README.md"
symbol = "result"
target = "lib:either.ts"

[[entries]]
hash = "d8ab8166845522e48377b9a8ba726103ac393903aa317c36c42d86d967ffbb42"
source = "src/lib/README.md"
symbol = "some"
target = "lib:either.ts"

[[entries]]
hash = "b186b8d06eb0c625d0d07007fe1b835fa004fcaf899babee87cb75ec5d32322d"
source = "src/lib/README.md"
symbol = "trycatch"
target = "lib:either.ts"

[[entries]]
hash = "29d6d50ecb0e8cfd0a825db99d8aa6b001dec53f2855f7a513c99f35d9484ac5"
source = "src/lib/README.md"
symbol = "wrap"
target = "lib:either.ts"

[[entries]]
hash = "ddeca31ece1007eac0862d9312cc0087364b79265c99d158902cb1818504cea8"
source = "src/lib/README.md"
symbol = "env"
target = "lib:env.ts"

[[entries]]
hash = "545e940cc068b3a958ad7164010e61154ffd3807eec067ee4708f17efc7e2bc1"
source = "src/lib/README.md"
symbol = "Logger"
target = "lib:logger.ts"

[[entries]]
hash = "9a7fb214b47141f39da451a54ab44960992335fd6978ca35a4a09bdc43bc602d"
source = "src/lib/README.md"
symbol = "logger"
target = "lib:logger.ts"

[[entries]]
hash = "f399274439dfb2f349bac426d4c2e14335ff811d5b3de83bebabbf218e69c43c"
source = "src/lib/README.md"
symbol = "Brand"
target = "lib:types.ts"

[[entries]]
hash = "c758df00a24e9692110b13cae3248ee6a233839ae35129e431d6397ed2acebd8"
source = "src/lib/README.md"
symbol = "DeepPartial"
target = "lib:types.ts"

[[entries]]
hash = "2abeeb3baddc8a6b7e031d6f4c98b71721aaa719cf6b13ca78bfd44cfb9a5039"
source = "src/lib/README.md"
symbol = "DeepReadonly"
target = "lib:types.ts"

[[entries]]
hash = "63450dadbbfcc5e7dd04bd0b73ac35c74fe4c65ceae999c6929fb24bd1e6e64d"
source = "src/lib/README.md"
symbol = "DeepRequired"
target = "lib:types.ts"

[[entries]]
hash = "14aba81b4cef27f182af3b04a8c4820b7dcfdb7e60a6e49d47912c07b707795d"
source = "src/lib/README.md"
symbol = "KeysMatching"
target = "lib:types.ts"

[[entries]]
hash = "8018c8520b49009f0e8e9f0cc9454787236c47017b7e8a2b2255b08d7c5d286f"
source = "src/lib/README.md"
symbol = "NonEmptyArray"
target = "lib:types.ts"

[[entries]]
hash = "8133279164cfcc694c6d65b13b8776f0020a3c89d9ed5d57e3d98557e037f5b2"
source = "src/lib/README.md"
symbol = "OmitByValue"
target = "lib:types.ts"

[[entries]]
hash = "f2ec02dcc2cb931e75f81863fd04c09671ef91f84e0564f5912c4931c5fdade1"
source = "src/lib/README.md"
symbol = "PartialBy"
target = "lib:types.ts"

[[entries]]
hash = "0a0b0ac75e032ef71ac4fd067991ec13d6f367dd55ad79826ff2ebcbd4e63e0e"
source = "src/lib/README.md"
symbol = "PickByValue"
target = "lib:types.ts"

[[entries]]
hash = "bd1c8dc34c7bf9174e4d45c7e839663dac90ff6a948b1a9ffd4ac4510d019c10"
source = "src/lib/README.md"
symbol = "Prettify"
target = "lib:types.ts"

[[entries]]
hash = "1b95a5b8a6ec5c732d4f5bca0b232244aa01359fa18156693ef1eef5646ff123"
source = "src/lib/README.md"
symbol = "Redacted"
target = "lib:types.ts"

[[entries]]
hash = "c72e584ba4055265c551e42a37abf321fed11af2a1479cf54494e8bc0fbfe3a4"
source = "src/lib/README.md"
symbol = "RequiredBy"
target = "lib:types.ts"

[[entries]]
hash = "2c9debc5b394238d32ee23096e868d9f86559c1ad258e2bf1b9a45e865450dad"
source = "src/lib/README.md"
symbol = "StrictOmit"
target = "lib:types.ts"

[[entries]]
hash = "7b84e6ca4bafeae949fe2f85d449b0373bc93a838bd32fc1f7a20f120ef3aad9"
source = "src/lib/README.md"
symbol = "Xor"
target = "lib:types.ts"
